
Microsoft Visual Studio Solution File, Format Version 12.00
# Visual Studio Version 16
VisualStudioVersion = 16.0.29926.136
MinimumVisualStudioVersion = 10.0.40219.1
Project("{888888A0-9F3D-457C-B088-3A5042F75D52}") = "routing_mip_test", "routing_mip_test\routing_mip_test.pyproj", "{90E6CBE9-2867-48BB-921F-D62FD3216AEB}"
EndProject
Global
	GlobalSection(SolutionConfigurationPlatforms) = preSolution
		Debug|Any CPU = Debug|Any CPU
		Release|Any CPU = Release|Any CPU
	EndGlobalSection
	GlobalSection(ProjectConfigurationPlatforms) = postSolution
		{90E6CBE9-2867-48BB-921F-D62FD3216AEB}.Debug|Any CPU.ActiveCfg = Debug|Any CPU
		{90E6CBE9-2867-48BB-921F-D62FD3216AEB}.Release|Any CPU.ActiveCfg = Release|Any CPU
	EndGlobalSection
	GlobalSection(SolutionProperties) = preSolution
		HideSolutionNode = FALSE
	EndGlobalSection
	GlobalSection(ExtensibilityGlobals) = postSolution
		SolutionGuid = {BFB0981A-ADD0-48F3-9CB4-9FD104E9F76D}
	EndGlobalSection
EndGlobal
